
Microsoft Visual Studio Solution File, Format Version 12.00
# Visual Studio Version 17
VisualStudioVersion = 17.6.33712.159
MinimumVisualStudioVersion = 10.0.40219.1
Project("{FAE04EC0-301F-11D3-BF4B-00C04F79EFBC}") = "Eletric", "Eletric\Eletric.csproj", "{E3FA0DE8-B5CA-4D6B-9EA1-D90F39EA3099}"
EndProject
Project("{FAE04EC0-301F-11D3-BF4B-00C04F79EFBC}") = "EletricFrom", "EletricFrom\EletricFrom.csproj", "{6E2FCB41-95BF-4C52-A855-BB20217C9749}"
EndProject
Global
	GlobalSection(SolutionConfigurationPlatforms) = preSolution
		Debug|Any CPU = Debug|Any CPU
		Release|Any CPU = Release|Any CPU
	EndGlobalSection
	GlobalSection(ProjectConfigurationPlatforms) = postSolution
		{E3FA0DE8-B5CA-4D6B-9EA1-D90F39EA3099}.Debug|Any CPU.ActiveCfg = Debug|Any CPU
		{E3FA0DE8-B5CA-4D6B-9EA1-D90F39EA3099}.Debug|Any CPU.Build.0 = Debug|Any CPU
		{E3FA0DE8-B5CA-4D6B-9EA1-D90F39EA3099}.Release|Any CPU.ActiveCfg = Release|Any CPU
		{E3FA0DE8-B5CA-4D6B-9EA1-D90F39EA3099}.Release|Any CPU.Build.0 = Release|Any CPU
		{6E2FCB41-95BF-4C52-A855-BB20217C9749}.Debug|Any CPU.ActiveCfg = Debug|Any CPU
		{6E2FCB41-95BF-4C52-A855-BB20217C9749}.Debug|Any CPU.Build.0 = Debug|Any CPU
		{6E2FCB41-95BF-4C52-A855-BB20217C9749}.Release|Any CPU.ActiveCfg = Release|Any CPU
		{6E2FCB41-95BF-4C52-A855-BB20217C9749}.Release|Any CPU.Build.0 = Release|Any CPU
	EndGlobalSection
	GlobalSection(SolutionProperties) = preSolution
		HideSolutionNode = FALSE
	EndGlobalSection
	GlobalSection(ExtensibilityGlobals) = postSolution
		SolutionGuid = {45B8F776-D8B6-4A04-8864-6DBA37DA9110}
	EndGlobalSection
EndGlobal
